// !$*UTF8*$!
{
	archiveVersion = 1;
	classes = {
	};
	objectVersion = 77;
	objects = {

/* Begin PBXBuildFile section */
		434310BC2E635748007D27F6 /* Localizable.strings in Resources */ = {isa = PBXBuildFile; fileRef = 434310BA2E635748007D27F6 /* Localizable.strings */; };
		437BF8D72E2D4F0200544334 /* WidgetKit.framework in Frameworks */ = {isa = PBXBuildFile; fileRef = 437BF8D62E2D4F0200544334 /* WidgetKit.framework */; };
		437BF8D92E2D4F0200544334 /* SwiftUI.framework in Frameworks */ = {isa = PBXBuildFile; fileRef = 437BF8D82E2D4F0200544334 /* SwiftUI.framework */; };
		437BF8EA2E2D4F0300544334 /* FocusZoneWidgetExtension.appex in Embed Foundation Extensions */ = {isa = PBXBuildFile; fileRef = 437BF8D42E2D4F0200544334 /* FocusZoneWidgetExtension.appex */; settings = {ATTRIBUTES = (RemoveHeadersOnCopy, ); }; };
		43C125792E491BB3006510FA /* Configuration.storekit in Resources */ = {isa = PBXBuildFile; fileRef = 43C125782E491BB2006510FA /* Configuration.storekit */; };
/* End PBXBuildFile section */

/* Begin PBXContainerItemProxy section */
		431164BF2E3671A1006A9907 /* PBXContainerItemProxy */ = {
			isa = PBXContainerItemProxy;
			containerPortal = 43B948D72E22CB9B00392FD0 /* Project object */;
			proxyType = 1;
			remoteGlobalIDString = 43B948DE2E22CB9B00392FD0;
			remoteInfo = FocusZone;
		};
		437BF8E82E2D4F0300544334 /* PBXContainerItemProxy */ = {
			isa = PBXContainerItemProxy;
			containerPortal = 43B948D72E22CB9B00392FD0 /* Project object */;
			proxyType = 1;
			remoteGlobalIDString = 437BF8D32E2D4F0200544334;
			remoteInfo = FocusZoneWidgetExtension;
		};
/* End PBXContainerItemProxy section */

/* Begin PBXCopyFilesBuildPhase section */
		437BF8EF2E2D4F0300544334 /* Embed Foundation Extensions */ = {
			isa = PBXCopyFilesBuildPhase;
			buildActionMask = 2147483647;
			dstPath = "";
			dstSubfolderSpec = 13;
			files = (
				437BF8EA2E2D4F0300544334 /* FocusZoneWidgetExtension.appex in Embed Foundation Extensions */,
			);
			name = "Embed Foundation Extensions";
			runOnlyForDeploymentPostprocessing = 0;
		};
/* End PBXCopyFilesBuildPhase section */

/* Begin PBXFileReference section */
		431164BB2E3671A1006A9907 /* FocusZoneTests.xctest */ = {isa = PBXFileReference; explicitFileType = wrapper.cfbundle; includeInIndex = 0; path = FocusZoneTests.xctest; sourceTree = BUILT_PRODUCTS_DIR; };
		434310BB2E635748007D27F6 /* en */ = {isa = PBXFileReference; lastKnownFileType = text.plist.strings; name = en; path = FocusZone/Resources/en.lproj/Localizable.strings; sourceTree = "<group>"; };
		434310BD2E63574C007D27F6 /* fr */ = {isa = PBXFileReference; lastKnownFileType = text.plist.strings; name = fr; path = FocusZone/Resources/fr.lproj/Localizable.strings; sourceTree = "<group>"; };
		434310C32E6377E3007D27F6 /* it */ = {isa = PBXFileReference; lastKnownFileType = text.plist.strings; name = it; path = FocusZone/Resources/it.lproj/Localizable.strings; sourceTree = "<group>"; };
		434310C42E6377E4007D27F6 /* ja */ = {isa = PBXFileReference; lastKnownFileType = text.plist.strings; name = ja; path = FocusZone/Resources/ja.lproj/Localizable.strings; sourceTree = "<group>"; };
		434310C52E6377E6007D27F6 /* pt-PT */ = {isa = PBXFileReference; lastKnownFileType = text.plist.strings; name = "pt-PT"; path = "FocusZone/Resources/pt-PT.lproj/Localizable.strings"; sourceTree = "<group>"; };
		437BF8D42E2D4F0200544334 /* FocusZoneWidgetExtension.appex */ = {isa = PBXFileReference; explicitFileType = "wrapper.app-extension"; includeInIndex = 0; path = FocusZoneWidgetExtension.appex; sourceTree = BUILT_PRODUCTS_DIR; };
		437BF8D62E2D4F0200544334 /* WidgetKit.framework */ = {isa = PBXFileReference; lastKnownFileType = wrapper.framework; name = WidgetKit.framework; path = System/Library/Frameworks/WidgetKit.framework; sourceTree = SDKROOT; };
		437BF8D82E2D4F0200544334 /* SwiftUI.framework */ = {isa = PBXFileReference; lastKnownFileType = wrapper.framework; name = SwiftUI.framework; path = System/Library/Frameworks/SwiftUI.framework; sourceTree = SDKROOT; };
		437BF8F92E2D526300544334 /* FocusZoneWidgetExtension.entitlements */ = {isa = PBXFileReference; lastKnownFileType = text.plist.entitlements; path = FocusZoneWidgetExtension.entitlements; sourceTree = "<group>"; };
		43B948DF2E22CB9B00392FD0 /* FocusZone.app */ = {isa = PBXFileReference; explicitFileType = wrapper.application; includeInIndex = 0; path = FocusZone.app; sourceTree = BUILT_PRODUCTS_DIR; };
		43C125782E491BB2006510FA /* Configuration.storekit */ = {isa = PBXFileReference; lastKnownFileType = text; path = Configuration.storekit; sourceTree = "<group>"; };
/* End PBXFileReference section */

/* Begin PBXFileSystemSynchronizedBuildFileExceptionSet section */
		437BF8EE2E2D4F0300544334 /* Exceptions for "FocusZoneWidget" folder in "FocusZoneWidgetExtension" target */ = {
			isa = PBXFileSystemSynchronizedBuildFileExceptionSet;
			membershipExceptions = (
				Info.plist,
			);
			target = 437BF8D32E2D4F0200544334 /* FocusZoneWidgetExtension */;
		};
		437BF8F12E2D517A00544334 /* Exceptions for "FocusZone" folder in "FocusZoneWidgetExtension" target */ = {
			isa = PBXFileSystemSynchronizedBuildFileExceptionSet;
			membershipExceptions = (
				App/WidgetDataManager.swift,
				"Helpers/Extensions/Color+Ext.swift",
				"Helpers/Extensions/Task+Ext.swift",
				Models/BreakSuggestion.swift,
				"Models/FocusAnalytics.swift  .swift",
				Models/FocusSession.swift,
				Models/FocusSettings.swift,
				Models/RepeatRule.swift,
				Models/Task.swift,
				Models/TaskType.swift,
				Resources/AppColors.swift,
				Resources/AppFonts.swift,
				Services/FocusAnalyticsEngine.swift,
				Services/SmartNotificationService.swift,
				ViewModels/SmartBreakAnalyzer.swift,
				Views/Components/ItemList/BreakSuggestionCard.swift,
				Views/Components/ItemList/FeatureRow.swift,
				Views/Components/ItemList/FocusModeCard.swift,
				Views/Components/ItemList/InsightCard.swift,
				Views/Screens/FocusInsightsView.swift,
			);
			target = 437BF8D32E2D4F0200544334 /* FocusZoneWidgetExtension */;
		};
		43B94A012E23F73300392FD0 /* Exceptions for "FocusZone" folder in "FocusZone" target */ = {
			isa = PBXFileSystemSynchronizedBuildFileExceptionSet;
			membershipExceptions = (
				Info.plist,
			);
			target = 43B948DE2E22CB9B00392FD0 /* FocusZone */;
		};
/* End PBXFileSystemSynchronizedBuildFileExceptionSet section */

/* Begin PBXFileSystemSynchronizedRootGroup section */
		431164BC2E3671A1006A9907 /* FocusZoneTests */ = {
			isa = PBXFileSystemSynchronizedRootGroup;
			path = FocusZoneTests;
			sourceTree = "<group>";
		};
		437BF8DA2E2D4F0200544334 /* FocusZoneWidget */ = {
			isa = PBXFileSystemSynchronizedRootGroup;
			exceptions = (
				437BF8EE2E2D4F0300544334 /* Exceptions for "FocusZoneWidget" folder in "FocusZoneWidgetExtension" target */,
			);
			path = FocusZoneWidget;
			sourceTree = "<group>";
		};
		43B948E12E22CB9B00392FD0 /* FocusZone */ = {
			isa = PBXFileSystemSynchronizedRootGroup;
			exceptions = (
				43B94A012E23F73300392FD0 /* Exceptions for "FocusZone" folder in "FocusZone" target */,
				437BF8F12E2D517A00544334 /* Exceptions for "FocusZone" folder in "FocusZoneWidgetExtension" target */,
			);
			path = FocusZone;
			sourceTree = "<group>";
		};
/* End PBXFileSystemSynchronizedRootGroup section */

/* Begin PBXFrameworksBuildPhase section */
		431164B82E3671A1006A9907 /* Frameworks */ = {
			isa = PBXFrameworksBuildPhase;
			buildActionMask = 2147483647;
			files = (
			);
			runOnlyForDeploymentPostprocessing = 0;
		};
		437BF8D12E2D4F0200544334 /* Frameworks */ = {
			isa = PBXFrameworksBuildPhase;
			buildActionMask = 2147483647;
			files = (
				437BF8D92E2D4F0200544334 /* SwiftUI.framework in Frameworks */,
				437BF8D72E2D4F0200544334 /* WidgetKit.framework in Frameworks */,
			);
			runOnlyForDeploymentPostprocessing = 0;
		};
		43B948DC2E22CB9B00392FD0 /* Frameworks */ = {
			isa = PBXFrameworksBuildPhase;
			buildActionMask = 2147483647;
			files = (
			);
			runOnlyForDeploymentPostprocessing = 0;
		};
/* End PBXFrameworksBuildPhase section */

/* Begin PBXGroup section */
		437BF8D52E2D4F0200544334 /* Frameworks */ = {
			isa = PBXGroup;
			children = (
				437BF8D62E2D4F0200544334 /* WidgetKit.framework */,
				437BF8D82E2D4F0200544334 /* SwiftUI.framework */,
			);
			name = Frameworks;
			sourceTree = "<group>";
		};
		43B948D62E22CB9B00392FD0 = {
			isa = PBXGroup;
			children = (
				434310BA2E635748007D27F6 /* Localizable.strings */,
				43C125782E491BB2006510FA /* Configuration.storekit */,
				437BF8F92E2D526300544334 /* FocusZoneWidgetExtension.entitlements */,
				43B948E12E22CB9B00392FD0 /* FocusZone */,
				437BF8DA2E2D4F0200544334 /* FocusZoneWidget */,
				431164BC2E3671A1006A9907 /* FocusZoneTests */,
				437BF8D52E2D4F0200544334 /* Frameworks */,
				43B948E02E22CB9B00392FD0 /* Products */,
			);
			sourceTree = "<group>";
		};
		43B948E02E22CB9B00392FD0 /* Products */ = {
			isa = PBXGroup;
			children = (
				43B948DF2E22CB9B00392FD0 /* FocusZone.app */,
				437BF8D42E2D4F0200544334 /* FocusZoneWidgetExtension.appex */,
				431164BB2E3671A1006A9907 /* FocusZoneTests.xctest */,
			);
			name = Products;
			sourceTree = "<group>";
		};
/* End PBXGroup section */

/* Begin PBXNativeTarget section */
		431164BA2E3671A1006A9907 /* FocusZoneTests */ = {
			isa = PBXNativeTarget;
			buildConfigurationList = 431164C12E3671A1006A9907 /* Build configuration list for PBXNativeTarget "FocusZoneTests" */;
			buildPhases = (
				431164B72E3671A1006A9907 /* Sources */,
				431164B82E3671A1006A9907 /* Frameworks */,
				431164B92E3671A1006A9907 /* Resources */,
			);
			buildRules = (
			);
			dependencies = (
				431164C02E3671A1006A9907 /* PBXTargetDependency */,
			);
			fileSystemSynchronizedGroups = (
				431164BC2E3671A1006A9907 /* FocusZoneTests */,
			);
			name = FocusZoneTests;
			packageProductDependencies = (
			);
			productName = FocusZoneTests;
			productReference = 431164BB2E3671A1006A9907 /* FocusZoneTests.xctest */;
			productType = "com.apple.product-type.bundle.unit-test";
		};
		437BF8D32E2D4F0200544334 /* FocusZoneWidgetExtension */ = {
			isa = PBXNativeTarget;
			buildConfigurationList = 437BF8EB2E2D4F0300544334 /* Build configuration list for PBXNativeTarget "FocusZoneWidgetExtension" */;
			buildPhases = (
				437BF8D02E2D4F0200544334 /* Sources */,
				437BF8D12E2D4F0200544334 /* Frameworks */,
				437BF8D22E2D4F0200544334 /* Resources */,
			);
			buildRules = (
			);
			dependencies = (
			);
			fileSystemSynchronizedGroups = (
				437BF8DA2E2D4F0200544334 /* FocusZoneWidget */,
			);
			name = FocusZoneWidgetExtension;
			packageProductDependencies = (
			);
			productName = FocusZoneWidgetExtension;
			productReference = 437BF8D42E2D4F0200544334 /* FocusZoneWidgetExtension.appex */;
			productType = "com.apple.product-type.app-extension";
		};
		43B948DE2E22CB9B00392FD0 /* FocusZone */ = {
			isa = PBXNativeTarget;
			buildConfigurationList = 43B948EF2E22CB9D00392FD0 /* Build configuration list for PBXNativeTarget "FocusZone" */;
			buildPhases = (
				43B948DB2E22CB9B00392FD0 /* Sources */,
				43B948DC2E22CB9B00392FD0 /* Frameworks */,
				43B948DD2E22CB9B00392FD0 /* Resources */,
				437BF8EF2E2D4F0300544334 /* Embed Foundation Extensions */,
			);
			buildRules = (
			);
			dependencies = (
				437BF8E92E2D4F0300544334 /* PBXTargetDependency */,
			);
			fileSystemSynchronizedGroups = (
				43B948E12E22CB9B00392FD0 /* FocusZone */,
			);
			name = FocusZone;
			packageProductDependencies = (
			);
			productName = FocusZone;
			productReference = 43B948DF2E22CB9B00392FD0 /* FocusZone.app */;
			productType = "com.apple.product-type.application";
		};
/* End PBXNativeTarget section */

/* Begin PBXProject section */
		43B948D72E22CB9B00392FD0 /* Project object */ = {
			isa = PBXProject;
			attributes = {
				BuildIndependentTargetsInParallel = 1;
				LastSwiftUpdateCheck = 1620;
				LastUpgradeCheck = 1620;
				TargetAttributes = {
					431164BA2E3671A1006A9907 = {
						CreatedOnToolsVersion = 16.2;
						TestTargetID = 43B948DE2E22CB9B00392FD0;
					};
					437BF8D32E2D4F0200544334 = {
						CreatedOnToolsVersion = 16.2;
					};
					43B948DE2E22CB9B00392FD0 = {
						CreatedOnToolsVersion = 16.2;
					};
				};
			};
			buildConfigurationList = 43B948DA2E22CB9B00392FD0 /* Build configuration list for PBXProject "FocusZone" */;
			developmentRegion = en;
			hasScannedForEncodings = 0;
			knownRegions = (
				en,
				fr,
				"pt-PT",
				it,
				ja,
				Base,
			);
			mainGroup = 43B948D62E22CB9B00392FD0;
			minimizedProjectReferenceProxies = 1;
			preferredProjectObjectVersion = 77;
			productRefGroup = 43B948E02E22CB9B00392FD0 /* Products */;
			projectDirPath = "";
			projectRoot = "";
			targets = (
				43B948DE2E22CB9B00392FD0 /* FocusZone */,
				437BF8D32E2D4F0200544334 /* FocusZoneWidgetExtension */,
				431164BA2E3671A1006A9907 /* FocusZoneTests */,
			);
		};
/* End PBXProject section */

/* Begin PBXResourcesBuildPhase section */
		431164B92E3671A1006A9907 /* Resources */ = {
			isa = PBXResourcesBuildPhase;
			buildActionMask = 2147483647;
			files = (
			);
			runOnlyForDeploymentPostprocessing = 0;
		};
		437BF8D22E2D4F0200544334 /* Resources */ = {
			isa = PBXResourcesBuildPhase;
			buildActionMask = 2147483647;
			files = (
			);
			runOnlyForDeploymentPostprocessing = 0;
		};
		43B948DD2E22CB9B00392FD0 /* Resources */ = {
			isa = PBXResourcesBuildPhase;
			buildActionMask = 2147483647;
			files = (
				43C125792E491BB3006510FA /* Configuration.storekit in Resources */,
				434310BC2E635748007D27F6 /* Localizable.strings in Resources */,
			);
			runOnlyForDeploymentPostprocessing = 0;
		};
/* End PBXResourcesBuildPhase section */

/* Begin PBXSourcesBuildPhase section */
		431164B72E3671A1006A9907 /* Sources */ = {
			isa = PBXSourcesBuildPhase;
			buildActionMask = 2147483647;
			files = (
			);
			runOnlyForDeploymentPostprocessing = 0;
		};
		437BF8D02E2D4F0200544334 /* Sources */ = {
			isa = PBXSourcesBuildPhase;
			buildActionMask = 2147483647;
			files = (
			);
			runOnlyForDeploymentPostprocessing = 0;
		};
		43B948DB2E22CB9B00392FD0 /* Sources */ = {
			isa = PBXSourcesBuildPhase;
			buildActionMask = 2147483647;
			files = (
			);
			runOnlyForDeploymentPostprocessing = 0;
		};
/* End PBXSourcesBuildPhase section */

/* Begin PBXTargetDependency section */
		431164C02E3671A1006A9907 /* PBXTargetDependency */ = {
			isa = PBXTargetDependency;
			target = 43B948DE2E22CB9B00392FD0 /* FocusZone */;
			targetProxy = 431164BF2E3671A1006A9907 /* PBXContainerItemProxy */;
		};
		437BF8E92E2D4F0300544334 /* PBXTargetDependency */ = {
			isa = PBXTargetDependency;
			target = 437BF8D32E2D4F0200544334 /* FocusZoneWidgetExtension */;
			targetProxy = 437BF8E82E2D4F0300544334 /* PBXContainerItemProxy */;
		};
/* End PBXTargetDependency section */

/* Begin PBXVariantGroup section */
		434310BA2E635748007D27F6 /* Localizable.strings */ = {
			isa = PBXVariantGroup;
			children = (
				434310BB2E635748007D27F6 /* en */,
				434310BD2E63574C007D27F6 /* fr */,
				434310C32E6377E3007D27F6 /* it */,
				434310C42E6377E4007D27F6 /* ja */,
				434310C52E6377E6007D27F6 /* pt-PT */,
			);
			name = Localizable.strings;
			sourceTree = "<group>";
		};
/* End PBXVariantGroup section */

/* Begin XCBuildConfiguration section */
		431164C22E3671A1006A9907 /* Debug */ = {
			isa = XCBuildConfiguration;
			buildSettings = {
				BUNDLE_LOADER = "$(TEST_HOST)";
				CODE_SIGN_STYLE = Automatic;
				CURRENT_PROJECT_VERSION = 15;
				DEVELOPMENT_TEAM = X3L9TQDJ62;
				GENERATE_INFOPLIST_FILE = YES;
				MARKETING_VERSION = 1.0;
				PRODUCT_BUNDLE_IDENTIFIER = ios.focus.jf.com.FocusTests;
				PRODUCT_NAME = "$(TARGET_NAME)";
				SWIFT_EMIT_LOC_STRINGS = NO;
				SWIFT_VERSION = 5.0;
				TARGETED_DEVICE_FAMILY = "1,2";
				TEST_HOST = "$(BUILT_PRODUCTS_DIR)/FocusZone.app/$(BUNDLE_EXECUTABLE_FOLDER_PATH)/FocusZone";
			};
			name = Debug;
		};
		431164C32E3671A1006A9907 /* Release */ = {
			isa = XCBuildConfiguration;
			buildSettings = {
				BUNDLE_LOADER = "$(TEST_HOST)";
				CODE_SIGN_STYLE = Automatic;
				CURRENT_PROJECT_VERSION = 15;
				DEVELOPMENT_TEAM = X3L9TQDJ62;
				GENERATE_INFOPLIST_FILE = YES;
				MARKETING_VERSION = 1.0;
				PRODUCT_BUNDLE_IDENTIFIER = ios.focus.jf.com.FocusTests;
				PRODUCT_NAME = "$(TARGET_NAME)";
				SWIFT_EMIT_LOC_STRINGS = NO;
				SWIFT_VERSION = 5.0;
				TARGETED_DEVICE_FAMILY = "1,2";
				TEST_HOST = "$(BUILT_PRODUCTS_DIR)/FocusZone.app/$(BUNDLE_EXECUTABLE_FOLDER_PATH)/FocusZone";
			};
			name = Release;
		};
		437BF8EC2E2D4F0300544334 /* Debug */ = {
			isa = XCBuildConfiguration;
			buildSettings = {
				ASSETCATALOG_COMPILER_GLOBAL_ACCENT_COLOR_NAME = AccentColor;
				ASSETCATALOG_COMPILER_WIDGET_BACKGROUND_COLOR_NAME = WidgetBackground;
				CODE_SIGN_ENTITLEMENTS = FocusZoneWidgetExtension.entitlements;
				CODE_SIGN_STYLE = Automatic;
				CURRENT_PROJECT_VERSION = 15;
				DEVELOPMENT_TEAM = X3L9TQDJ62;
				GENERATE_INFOPLIST_FILE = YES;
				INFOPLIST_FILE = FocusZoneWidget/Info.plist;
				INFOPLIST_KEY_CFBundleDisplayName = "Focus Tracker";
				INFOPLIST_KEY_NSHumanReadableCopyright = "";
				IPHONEOS_DEPLOYMENT_TARGET = 26.0;
				LD_RUNPATH_SEARCH_PATHS = (
					"$(inherited)",
					"@executable_path/Frameworks",
					"@executable_path/../../Frameworks",
				);
				MARKETING_VERSION = 1.0;
				PRODUCT_BUNDLE_IDENTIFIER = ios.focus.jf.com.Focus.FocusWidget;
				PRODUCT_NAME = "$(TARGET_NAME)";
				SKIP_INSTALL = YES;
				SWIFT_EMIT_LOC_STRINGS = YES;
				SWIFT_VERSION = 5.0;
				TARGETED_DEVICE_FAMILY = "1,2";
			};
			name = Debug;
		};
		437BF8ED2E2D4F0300544334 /* Release */ = {
			isa = XCBuildConfiguration;
			buildSettings = {
				ASSETCATALOG_COMPILER_GLOBAL_ACCENT_COLOR_NAME = AccentColor;
				ASSETCATALOG_COMPILER_WIDGET_BACKGROUND_COLOR_NAME = WidgetBackground;
				CODE_SIGN_ENTITLEMENTS = FocusZoneWidgetExtension.entitlements;
				CODE_SIGN_STYLE = Automatic;
				CURRENT_PROJECT_VERSION = 15;
				DEVELOPMENT_TEAM = X3L9TQDJ62;
				GENERATE_INFOPLIST_FILE = YES;
				INFOPLIST_FILE = FocusZoneWidget/Info.plist;
				INFOPLIST_KEY_CFBundleDisplayName = "Focus Tracker";
				INFOPLIST_KEY_NSHumanReadableCopyright = "";
				IPHONEOS_DEPLOYMENT_TARGET = 26.0;
				LD_RUNPATH_SEARCH_PATHS = (
					"$(inherited)",
					"@executable_path/Frameworks",
					"@executable_path/../../Frameworks",
				);
				MARKETING_VERSION = 1.0;
				PRODUCT_BUNDLE_IDENTIFIER = ios.focus.jf.com.Focus.FocusWidget;
				PRODUCT_NAME = "$(TARGET_NAME)";
				SKIP_INSTALL = YES;
				SWIFT_EMIT_LOC_STRINGS = YES;
				SWIFT_VERSION = 5.0;
				TARGETED_DEVICE_FAMILY = "1,2";
			};
			name = Release;
		};
		43B948ED2E22CB9D00392FD0 /* Debug */ = {
			isa = XCBuildConfiguration;
			buildSettings = {
				ALWAYS_SEARCH_USER_PATHS = NO;
				ASSETCATALOG_COMPILER_GENERATE_SWIFT_ASSET_SYMBOL_EXTENSIONS = YES;
				CLANG_ANALYZER_NONNULL = YES;
				CLANG_ANALYZER_NUMBER_OBJECT_CONVERSION = YES_AGGRESSIVE;
				CLANG_CXX_LANGUAGE_STANDARD = "gnu++20";
				CLANG_ENABLE_MODULES = YES;
				CLANG_ENABLE_OBJC_ARC = YES;
				CLANG_ENABLE_OBJC_WEAK = YES;
				CLANG_WARN_BLOCK_CAPTURE_AUTORELEASING = YES;
				CLANG_WARN_BOOL_CONVERSION = YES;
				CLANG_WARN_COMMA = YES;
				CLANG_WARN_CONSTANT_CONVERSION = YES;
				CLANG_WARN_DEPRECATED_OBJC_IMPLEMENTATIONS = YES;
				CLANG_WARN_DIRECT_OBJC_ISA_USAGE = YES_ERROR;
				CLANG_WARN_DOCUMENTATION_COMMENTS = YES;
				CLANG_WARN_EMPTY_BODY = YES;
				CLANG_WARN_ENUM_CONVERSION = YES;
				CLANG_WARN_INFINITE_RECURSION = YES;
				CLANG_WARN_INT_CONVERSION = YES;
				CLANG_WARN_NON_LITERAL_NULL_CONVERSION = YES;
				CLANG_WARN_OBJC_IMPLICIT_RETAIN_SELF = YES;
				CLANG_WARN_OBJC_LITERAL_CONVERSION = YES;
				CLANG_WARN_OBJC_ROOT_CLASS = YES_ERROR;
				CLANG_WARN_QUOTED_INCLUDE_IN_FRAMEWORK_HEADER = YES;
				CLANG_WARN_RANGE_LOOP_ANALYSIS = YES;
				CLANG_WARN_STRICT_PROTOTYPES = YES;
				CLANG_WARN_SUSPICIOUS_MOVE = YES;
				CLANG_WARN_UNGUARDED_AVAILABILITY = YES_AGGRESSIVE;
				CLANG_WARN_UNREACHABLE_CODE = YES;
				CLANG_WARN__DUPLICATE_METHOD_MATCH = YES;
				COPY_PHASE_STRIP = NO;
				DEBUG_INFORMATION_FORMAT = dwarf;
				ENABLE_STRICT_OBJC_MSGSEND = YES;
				ENABLE_TESTABILITY = YES;
				ENABLE_USER_SCRIPT_SANDBOXING = YES;
				GCC_C_LANGUAGE_STANDARD = gnu17;
				GCC_DYNAMIC_NO_PIC = NO;
				GCC_NO_COMMON_BLOCKS = YES;
				GCC_OPTIMIZATION_LEVEL = 0;
				GCC_PREPROCESSOR_DEFINITIONS = (
					"DEBUG=1",
					"$(inherited)",
				);
				GCC_WARN_64_TO_32_BIT_CONVERSION = YES;
				GCC_WARN_ABOUT_RETURN_TYPE = YES_ERROR;
				GCC_WARN_UNDECLARED_SELECTOR = YES;
				GCC_WARN_UNINITIALIZED_AUTOS = YES_AGGRESSIVE;
				GCC_WARN_UNUSED_FUNCTION = YES;
				GCC_WARN_UNUSED_VARIABLE = YES;
				IPHONEOS_DEPLOYMENT_TARGET = 18.2;
				MTL_ENABLE_DEBUG_INFO = INCLUDE_SOURCE;
				MTL_FAST_MATH = YES;
				ONLY_ACTIVE_ARCH = YES;
				SDKROOT = iphoneos;
				SWIFT_ACTIVE_COMPILATION_CONDITIONS = "DEBUG $(inherited)";
				SWIFT_EMIT_LOC_STRINGS = YES;
				SWIFT_OPTIMIZATION_LEVEL = "-Onone";
			};
			name = Debug;
		};
		43B948EE2E22CB9D00392FD0 /* Release */ = {
			isa = XCBuildConfiguration;
			buildSettings = {
				ALWAYS_SEARCH_USER_PATHS = NO;
				ASSETCATALOG_COMPILER_GENERATE_SWIFT_ASSET_SYMBOL_EXTENSIONS = YES;
				CLANG_ANALYZER_NONNULL = YES;
				CLANG_ANALYZER_NUMBER_OBJECT_CONVERSION = YES_AGGRESSIVE;
				CLANG_CXX_LANGUAGE_STANDARD = "gnu++20";
				CLANG_ENABLE_MODULES = YES;
				CLANG_ENABLE_OBJC_ARC = YES;
				CLANG_ENABLE_OBJC_WEAK = YES;
				CLANG_WARN_BLOCK_CAPTURE_AUTORELEASING = YES;
				CLANG_WARN_BOOL_CONVERSION = YES;
				CLANG_WARN_COMMA = YES;
				CLANG_WARN_CONSTANT_CONVERSION = YES;
				CLANG_WARN_DEPRECATED_OBJC_IMPLEMENTATIONS = YES;
				CLANG_WARN_DIRECT_OBJC_ISA_USAGE = YES_ERROR;
				CLANG_WARN_DOCUMENTATION_COMMENTS = YES;
				CLANG_WARN_EMPTY_BODY = YES;
				CLANG_WARN_ENUM_CONVERSION = YES;
				CLANG_WARN_INFINITE_RECURSION = YES;
				CLANG_WARN_INT_CONVERSION = YES;
				CLANG_WARN_NON_LITERAL_NULL_CONVERSION = YES;
				CLANG_WARN_OBJC_IMPLICIT_RETAIN_SELF = YES;
				CLANG_WARN_OBJC_LITERAL_CONVERSION = YES;
				CLANG_WARN_OBJC_ROOT_CLASS = YES_ERROR;
				CLANG_WARN_QUOTED_INCLUDE_IN_FRAMEWORK_HEADER = YES;
				CLANG_WARN_RANGE_LOOP_ANALYSIS = YES;
				CLANG_WARN_STRICT_PROTOTYPES = YES;
				CLANG_WARN_SUSPICIOUS_MOVE = YES;
				CLANG_WARN_UNGUARDED_AVAILABILITY = YES_AGGRESSIVE;
				CLANG_WARN_UNREACHABLE_CODE = YES;
				CLANG_WARN__DUPLICATE_METHOD_MATCH = YES;
				COPY_PHASE_STRIP = NO;
				DEBUG_INFORMATION_FORMAT = "dwarf-with-dsym";
				ENABLE_NS_ASSERTIONS = NO;
				ENABLE_STRICT_OBJC_MSGSEND = YES;
				ENABLE_USER_SCRIPT_SANDBOXING = YES;
				GCC_C_LANGUAGE_STANDARD = gnu17;
				GCC_NO_COMMON_BLOCKS = YES;
				GCC_WARN_64_TO_32_BIT_CONVERSION = YES;
				GCC_WARN_ABOUT_RETURN_TYPE = YES_ERROR;
				GCC_WARN_UNDECLARED_SELECTOR = YES;
				GCC_WARN_UNINITIALIZED_AUTOS = YES_AGGRESSIVE;
				GCC_WARN_UNUSED_FUNCTION = YES;
				GCC_WARN_UNUSED_VARIABLE = YES;
				IPHONEOS_DEPLOYMENT_TARGET = 18.2;
				MTL_ENABLE_DEBUG_INFO = NO;
				MTL_FAST_MATH = YES;
				SDKROOT = iphoneos;
				SWIFT_COMPILATION_MODE = wholemodule;
				SWIFT_EMIT_LOC_STRINGS = YES;
				VALIDATE_PRODUCT = YES;
			};
			name = Release;
		};
		43B948F02E22CB9D00392FD0 /* Debug */ = {
			isa = XCBuildConfiguration;
			buildSettings = {
				ASSETCATALOG_COMPILER_APPICON_NAME = AppIcon;
				ASSETCATALOG_COMPILER_GLOBAL_ACCENT_COLOR_NAME = AccentColor;
				ASSETCATALOG_COMPILER_INCLUDE_ALL_APPICON_ASSETS = NO;
				CODE_SIGN_ENTITLEMENTS = FocusZone/FocusZone.entitlements;
				CODE_SIGN_STYLE = Automatic;
				CURRENT_PROJECT_VERSION = 15;
				DEVELOPMENT_ASSET_PATHS = "\"FocusZone/Preview Content\"";
				DEVELOPMENT_TEAM = X3L9TQDJ62;
				ENABLE_PREVIEWS = YES;
				GENERATE_INFOPLIST_FILE = YES;
				INFOPLIST_FILE = FocusZone/Info.plist;
				INFOPLIST_KEY_CFBundleDisplayName = "FocusZen+";
				INFOPLIST_KEY_LSApplicationCategoryType = "public.app-category.productivity";
				INFOPLIST_KEY_NSSupportsLiveActivities = YES;
				INFOPLIST_KEY_UIApplicationSceneManifest_Generation = YES;
				INFOPLIST_KEY_UIApplicationSupportsIndirectInputEvents = YES;
				INFOPLIST_KEY_UILaunchScreen_Generation = YES;
				INFOPLIST_KEY_UISupportedInterfaceOrientations = "UIInterfaceOrientationLandscapeLeft UIInterfaceOrientationLandscapeRight UIInterfaceOrientationPortrait UIInterfaceOrientationPortraitUpsideDown";
				INFOPLIST_KEY_UISupportedInterfaceOrientations_iPad = "UIInterfaceOrientationLandscapeLeft UIInterfaceOrientationLandscapeRight UIInterfaceOrientationPortrait UIInterfaceOrientationPortraitUpsideDown";
				IPHONEOS_DEPLOYMENT_TARGET = 26.0;
				LD_RUNPATH_SEARCH_PATHS = (
					"$(inherited)",
					"@executable_path/Frameworks",
				);
				MARKETING_VERSION = 1.0;
				PRODUCT_BUNDLE_IDENTIFIER = ios.focus.jf.com.Focus;
				PRODUCT_NAME = "$(TARGET_NAME)";
				SWIFT_EMIT_LOC_STRINGS = YES;
				SWIFT_VERSION = 5.0;
				TARGETED_DEVICE_FAMILY = "1,2";
			};
			name = Debug;
		};
		43B948F12E22CB9D00392FD0 /* Release */ = {
			isa = XCBuildConfiguration;
			buildSettings = {
				ASSETCATALOG_COMPILER_APPICON_NAME = AppIcon;
				ASSETCATALOG_COMPILER_GLOBAL_ACCENT_COLOR_NAME = AccentColor;
				ASSETCATALOG_COMPILER_INCLUDE_ALL_APPICON_ASSETS = NO;
				CODE_SIGN_ENTITLEMENTS = FocusZone/FocusZone.entitlements;
				CODE_SIGN_STYLE = Automatic;
				CURRENT_PROJECT_VERSION = 15;
				DEVELOPMENT_ASSET_PATHS = "\"FocusZone/Preview Content\"";
				DEVELOPMENT_TEAM = X3L9TQDJ62;
				ENABLE_PREVIEWS = YES;
				GENERATE_INFOPLIST_FILE = YES;
				INFOPLIST_FILE = FocusZone/Info.plist;
				INFOPLIST_KEY_CFBundleDisplayName = "FocusZen+";
				INFOPLIST_KEY_LSApplicationCategoryType = "public.app-category.productivity";
				INFOPLIST_KEY_NSSupportsLiveActivities = YES;
				INFOPLIST_KEY_UIApplicationSceneManifest_Generation = YES;
				INFOPLIST_KEY_UIApplicationSupportsIndirectInputEvents = YES;
				INFOPLIST_KEY_UILaunchScreen_Generation = YES;
				INFOPLIST_KEY_UISupportedInterfaceOrientations = "UIInterfaceOrientationLandscapeLeft UIInterfaceOrientationLandscapeRight UIInterfaceOrientationPortrait UIInterfaceOrientationPortraitUpsideDown";
				INFOPLIST_KEY_UISupportedInterfaceOrientations_iPad = "UIInterfaceOrientationLandscapeLeft UIInterfaceOrientationLandscapeRight UIInterfaceOrientationPortrait UIInterfaceOrientationPortraitUpsideDown";
				IPHONEOS_DEPLOYMENT_TARGET = 26.0;
				LD_RUNPATH_SEARCH_PATHS = (
					"$(inherited)",
					"@executable_path/Frameworks",
				);
				MARKETING_VERSION = 1.0;
				PRODUCT_BUNDLE_IDENTIFIER = ios.focus.jf.com.Focus;
				PRODUCT_NAME = "$(TARGET_NAME)";
				SWIFT_EMIT_LOC_STRINGS = YES;
				SWIFT_VERSION = 5.0;
				TARGETED_DEVICE_FAMILY = "1,2";
			};
			name = Release;
		};
/* End XCBuildConfiguration section */

/* Begin XCConfigurationList section */
		431164C12E3671A1006A9907 /* Build configuration list for PBXNativeTarget "FocusZoneTests" */ = {
			isa = XCConfigurationList;
			buildConfigurations = (
				431164C22E3671A1006A9907 /* Debug */,
				431164C32E3671A1006A9907 /* Release */,
			);
			defaultConfigurationIsVisible = 0;
			defaultConfigurationName = Release;
		};
		437BF8EB2E2D4F0300544334 /* Build configuration list for PBXNativeTarget "FocusZoneWidgetExtension" */ = {
			isa = XCConfigurationList;
			buildConfigurations = (
				437BF8EC2E2D4F0300544334 /* Debug */,
				437BF8ED2E2D4F0300544334 /* Release */,
			);
			defaultConfigurationIsVisible = 0;
			defaultConfigurationName = Release;
		};
		43B948DA2E22CB9B00392FD0 /* Build configuration list for PBXProject "FocusZone" */ = {
			isa = XCConfigurationList;
			buildConfigurations = (
				43B948ED2E22CB9D00392FD0 /* Debug */,
				43B948EE2E22CB9D00392FD0 /* Release */,
			);
			defaultConfigurationIsVisible = 0;
			defaultConfigurationName = Release;
		};
		43B948EF2E22CB9D00392FD0 /* Build configuration list for PBXNativeTarget "FocusZone" */ = {
			isa = XCConfigurationList;
			buildConfigurations = (
				43B948F02E22CB9D00392FD0 /* Debug */,
				43B948F12E22CB9D00392FD0 /* Release */,
			);
			defaultConfigurationIsVisible = 0;
			defaultConfigurationName = Release;
		};
/* End XCConfigurationList section */
	};
	rootObject = 43B948D72E22CB9B00392FD0 /* Project object */;
}
